
Microsoft Visual Studio Solution File, Format Version 12.00
# Visual Studio 2015
Project("{FAE04EC0-301F-11D3-BF4B-00C04F79EFBC}") = "GunBall.CSharp", "GunBall.CSharp.csproj", "{4A2B1290-505E-6EC1-3FA2-F0FB0DAC629A}"
EndProject
Project("{FAE04EC0-301F-11D3-BF4B-00C04F79EFBC}") = "GunBall.CSharp.Editor", "GunBall.CSharp.Editor.csproj", "{E961A19A-B04D-B3C1-8F6F-F9C0DAFDF61E}"
EndProject
Global
	GlobalSection(SolutionConfigurationPlatforms) = preSolution
		Debug|Any CPU = Debug|Any CPU
		Release|Any CPU = Release|Any CPU
	EndGlobalSection
	GlobalSection(ProjectConfigurationPlatforms) = postSolution
		{4A2B1290-505E-6EC1-3FA2-F0FB0DAC629A}.Debug|Any CPU.ActiveCfg = Debug|Any CPU
		{4A2B1290-505E-6EC1-3FA2-F0FB0DAC629A}.Debug|Any CPU.Build.0 = Debug|Any CPU
		{4A2B1290-505E-6EC1-3FA2-F0FB0DAC629A}.Release|Any CPU.ActiveCfg = Release|Any CPU
		{4A2B1290-505E-6EC1-3FA2-F0FB0DAC629A}.Release|Any CPU.Build.0 = Release|Any CPU
		{E961A19A-B04D-B3C1-8F6F-F9C0DAFDF61E}.Debug|Any CPU.ActiveCfg = Debug|Any CPU
		{E961A19A-B04D-B3C1-8F6F-F9C0DAFDF61E}.Debug|Any CPU.Build.0 = Debug|Any CPU
		{E961A19A-B04D-B3C1-8F6F-F9C0DAFDF61E}.Release|Any CPU.ActiveCfg = Release|Any CPU
		{E961A19A-B04D-B3C1-8F6F-F9C0DAFDF61E}.Release|Any CPU.Build.0 = Release|Any CPU
	EndGlobalSection
	GlobalSection(SolutionProperties) = preSolution
		HideSolutionNode = FALSE
	EndGlobalSection
EndGlobal
